
Microsoft Visual Studio Solution File, Format Version 12.00
# Visual Studio 2013
VisualStudioVersion = 12.0.40629.0
MinimumVisualStudioVersion = 10.0.40219.1
Project("{FAE04EC0-301F-11D3-BF4B-00C04F79EFBC}") = "DBConnection", "DBConnection\DBConnection.csproj", "{7A6B6E40-F230-48D3-9C65-CB20648637A6}"
EndProject
Project("{FAE04EC0-301F-11D3-BF4B-00C04F79EFBC}") = "Logger", "Logger\Logger.csproj", "{30A98476-DE60-4A83-AF79-9F77D8A1AD9B}"
EndProject
Project("{FAE04EC0-301F-11D3-BF4B-00C04F79EFBC}") = "Auth", "Auth\Auth.csproj", "{2931DF61-4C92-41A3-B65E-5E790C1394C3}"
EndProject
Project("{FAE04EC0-301F-11D3-BF4B-00C04F79EFBC}") = "Examples", "Examples\Examples.csproj", "{6ED0D68B-43F5-41AA-B985-D46D74A41693}"
EndProject
Project("{FAE04EC0-301F-11D3-BF4B-00C04F79EFBC}") = "AppCodes", "AppErrorCodes\AppCodes.csproj", "{38231421-52DF-4172-8577-895CEE7BF741}"
EndProject
Global
	GlobalSection(SolutionConfigurationPlatforms) = preSolution
		Debug|Any CPU = Debug|Any CPU
		Release|Any CPU = Release|Any CPU
	EndGlobalSection
	GlobalSection(ProjectConfigurationPlatforms) = postSolution
		{7A6B6E40-F230-48D3-9C65-CB20648637A6}.Debug|Any CPU.ActiveCfg = Debug|Any CPU
		{7A6B6E40-F230-48D3-9C65-CB20648637A6}.Debug|Any CPU.Build.0 = Debug|Any CPU
		{7A6B6E40-F230-48D3-9C65-CB20648637A6}.Release|Any CPU.ActiveCfg = Release|Any CPU
		{7A6B6E40-F230-48D3-9C65-CB20648637A6}.Release|Any CPU.Build.0 = Release|Any CPU
		{30A98476-DE60-4A83-AF79-9F77D8A1AD9B}.Debug|Any CPU.ActiveCfg = Debug|Any CPU
		{30A98476-DE60-4A83-AF79-9F77D8A1AD9B}.Debug|Any CPU.Build.0 = Debug|Any CPU
		{30A98476-DE60-4A83-AF79-9F77D8A1AD9B}.Release|Any CPU.ActiveCfg = Release|Any CPU
		{30A98476-DE60-4A83-AF79-9F77D8A1AD9B}.Release|Any CPU.Build.0 = Release|Any CPU
		{2931DF61-4C92-41A3-B65E-5E790C1394C3}.Debug|Any CPU.ActiveCfg = Debug|Any CPU
		{2931DF61-4C92-41A3-B65E-5E790C1394C3}.Debug|Any CPU.Build.0 = Debug|Any CPU
		{2931DF61-4C92-41A3-B65E-5E790C1394C3}.Release|Any CPU.ActiveCfg = Release|Any CPU
		{2931DF61-4C92-41A3-B65E-5E790C1394C3}.Release|Any CPU.Build.0 = Release|Any CPU
		{6ED0D68B-43F5-41AA-B985-D46D74A41693}.Debug|Any CPU.ActiveCfg = Debug|Any CPU
		{6ED0D68B-43F5-41AA-B985-D46D74A41693}.Debug|Any CPU.Build.0 = Debug|Any CPU
		{6ED0D68B-43F5-41AA-B985-D46D74A41693}.Release|Any CPU.ActiveCfg = Release|Any CPU
		{6ED0D68B-43F5-41AA-B985-D46D74A41693}.Release|Any CPU.Build.0 = Release|Any CPU
		{38231421-52DF-4172-8577-895CEE7BF741}.Debug|Any CPU.ActiveCfg = Debug|Any CPU
		{38231421-52DF-4172-8577-895CEE7BF741}.Debug|Any CPU.Build.0 = Debug|Any CPU
		{38231421-52DF-4172-8577-895CEE7BF741}.Release|Any CPU.ActiveCfg = Release|Any CPU
		{38231421-52DF-4172-8577-895CEE7BF741}.Release|Any CPU.Build.0 = Release|Any CPU
	EndGlobalSection
	GlobalSection(SolutionProperties) = preSolution
		HideSolutionNode = FALSE
	EndGlobalSection
EndGlobal
